
Microsoft Visual Studio Solution File, Format Version 12.00
# Visual Studio Version 17
VisualStudioVersion = 17.14.37710.0 d17.14
MinimumVisualStudioVersion = 10.0.40219.1
Project("{FAE04EC0-301F-11D3-BF4B-00C04F79EFBC}") = "bt28092026", "bt28092026.csproj", "{AD37CE8D-8281-44A0-8890-37716CFC1826}"
EndProject
Global
	GlobalSection(SolutionConfigurationPlatforms) = preSolution
		Debug|Any CPU = Debug|Any CPU
		Release|Any CPU = Release|Any CPU
	EndGlobalSection
	GlobalSection(ProjectConfigurationPlatforms) = postSolution
		{AD37CE8D-8281-44A0-8890-37716CFC1826}.Debug|Any CPU.ActiveCfg = Debug|Any CPU
		{AD37CE8D-8281-44A0-8890-37716CFC1826}.Debug|Any CPU.Build.0 = Debug|Any CPU
		{AD37CE8D-8281-44A0-8890-37716CFC1826}.Release|Any CPU.ActiveCfg = Release|Any CPU
		{AD37CE8D-8281-44A0-8890-37716CFC1826}.Release|Any CPU.Build.0 = Release|Any CPU
	EndGlobalSection
	GlobalSection(SolutionProperties) = preSolution
		HideSolutionNode = FALSE
	EndGlobalSection
	GlobalSection(ExtensibilityGlobals) = postSolution
		SolutionGuid = {145D71AE-5D15-4B3F-B152-A2EEA6748DD1}
	EndGlobalSection
EndGlobal
